
Microsoft Visual Studio Solution File, Format Version 12.00
# Visual Studio Version 17
VisualStudioVersion = 17.7.33808.371
MinimumVisualStudioVersion = 10.0.40219.1
Project("{9A19103F-16F7-4668-BE54-9A1E7A4F7556}") = "Task.Scheduler", "Task.Scheduler\Task.Scheduler.csproj", "{37D37D02-9FA0-4B6B-9E14-00175C502C20}"
EndProject
Project("{2150E333-8FDC-42A3-9474-1A3956D46DE8}") = "Deploy", "Deploy", "{E817E5E2-EB96-4954-B345-751B2B1E614B}"
	ProjectSection(SolutionItems) = preProject
		..\deploy\application.yaml = ..\deploy\application.yaml
		..\deploy\values.yaml = ..\deploy\values.yaml
	EndProjectSection
EndProject
Global
	GlobalSection(SolutionConfigurationPlatforms) = preSolution
		Debug|Any CPU = Debug|Any CPU
		Release|Any CPU = Release|Any CPU
	EndGlobalSection
	GlobalSection(ProjectConfigurationPlatforms) = postSolution
		{37D37D02-9FA0-4B6B-9E14-00175C502C20}.Debug|Any CPU.ActiveCfg = Debug|Any CPU
		{37D37D02-9FA0-4B6B-9E14-00175C502C20}.Debug|Any CPU.Build.0 = Debug|Any CPU
		{37D37D02-9FA0-4B6B-9E14-00175C502C20}.Release|Any CPU.ActiveCfg = Release|Any CPU
		{37D37D02-9FA0-4B6B-9E14-00175C502C20}.Release|Any CPU.Build.0 = Release|Any CPU
	EndGlobalSection
	GlobalSection(SolutionProperties) = preSolution
		HideSolutionNode = FALSE
	EndGlobalSection
	GlobalSection(ExtensibilityGlobals) = postSolution
		SolutionGuid = {B6275AE5-F36B-41C5-A5BB-33827A9098A1}
	EndGlobalSection
EndGlobal
